
Microsoft Visual Studio Solution File, Format Version 12.00
# Visual Studio Version 17
VisualStudioVersion = 17.6.33801.468
MinimumVisualStudioVersion = 10.0.40219.1
Project("{FAE04EC0-301F-11D3-BF4B-00C04F79EFBC}") = "Searcher.Console", "Searcher.Console\Searcher.Console.csproj", "{5332DB37-EBBF-457C-8941-BD05AA0B64ED}"
EndProject
Project("{FAE04EC0-301F-11D3-BF4B-00C04F79EFBC}") = "Searcher.Scrappers", "Searcher.Scrappers\Searcher.Scrappers.csproj", "{59C40846-FD6A-4E91-B25F-21CFBF3A383A}"
EndProject
Project("{FAE04EC0-301F-11D3-BF4B-00C04F79EFBC}") = "Seacher.Domain", "Seacher.Domain\Seacher.Domain.csproj", "{48325F5C-44BF-4EB5-9B02-09848FE61B5A}"
EndProject
Global
	GlobalSection(SolutionConfigurationPlatforms) = preSolution
		Debug|Any CPU = Debug|Any CPU
		Release|Any CPU = Release|Any CPU
	EndGlobalSection
	GlobalSection(ProjectConfigurationPlatforms) = postSolution
		{5332DB37-EBBF-457C-8941-BD05AA0B64ED}.Debug|Any CPU.ActiveCfg = Debug|Any CPU
		{5332DB37-EBBF-457C-8941-BD05AA0B64ED}.Debug|Any CPU.Build.0 = Debug|Any CPU
		{5332DB37-EBBF-457C-8941-BD05AA0B64ED}.Release|Any CPU.ActiveCfg = Release|Any CPU
		{5332DB37-EBBF-457C-8941-BD05AA0B64ED}.Release|Any CPU.Build.0 = Release|Any CPU
		{59C40846-FD6A-4E91-B25F-21CFBF3A383A}.Debug|Any CPU.ActiveCfg = Debug|Any CPU
		{59C40846-FD6A-4E91-B25F-21CFBF3A383A}.Debug|Any CPU.Build.0 = Debug|Any CPU
		{59C40846-FD6A-4E91-B25F-21CFBF3A383A}.Release|Any CPU.ActiveCfg = Release|Any CPU
		{59C40846-FD6A-4E91-B25F-21CFBF3A383A}.Release|Any CPU.Build.0 = Release|Any CPU
		{48325F5C-44BF-4EB5-9B02-09848FE61B5A}.Debug|Any CPU.ActiveCfg = Debug|Any CPU
		{48325F5C-44BF-4EB5-9B02-09848FE61B5A}.Debug|Any CPU.Build.0 = Debug|Any CPU
		{48325F5C-44BF-4EB5-9B02-09848FE61B5A}.Release|Any CPU.ActiveCfg = Release|Any CPU
		{48325F5C-44BF-4EB5-9B02-09848FE61B5A}.Release|Any CPU.Build.0 = Release|Any CPU
	EndGlobalSection
	GlobalSection(SolutionProperties) = preSolution
		HideSolutionNode = FALSE
	EndGlobalSection
	GlobalSection(ExtensibilityGlobals) = postSolution
		SolutionGuid = {3D2DF3FE-E4D0-41CE-85E0-B2541CD32156}
	EndGlobalSection
EndGlobal
